
Microsoft Visual Studio Solution File, Format Version 12.00
# Visual Studio Version 17
VisualStudioVersion = 17.14.36603.0 d17.14
MinimumVisualStudioVersion = 10.0.40219.1
Project("{FAE04EC0-301F-11D3-BF4B-00C04F79EFBC}") = "AppleMusicDownloadManager", "AppleMusicDownloadManager\AppleMusicDownloadManager.csproj", "{4CDB819D-4C79-4017-B025-A9A78EAC58BB}"
EndProject
Global
	GlobalSection(SolutionConfigurationPlatforms) = preSolution
		Debug|Any CPU = Debug|Any CPU
		Release|Any CPU = Release|Any CPU
	EndGlobalSection
	GlobalSection(ProjectConfigurationPlatforms) = postSolution
		{4CDB819D-4C79-4017-B025-A9A78EAC58BB}.Debug|Any CPU.ActiveCfg = Debug|Any CPU
		{4CDB819D-4C79-4017-B025-A9A78EAC58BB}.Debug|Any CPU.Build.0 = Debug|Any CPU
		{4CDB819D-4C79-4017-B025-A9A78EAC58BB}.Release|Any CPU.ActiveCfg = Release|Any CPU
		{4CDB819D-4C79-4017-B025-A9A78EAC58BB}.Release|Any CPU.Build.0 = Release|Any CPU
	EndGlobalSection
	GlobalSection(SolutionProperties) = preSolution
		HideSolutionNode = FALSE
	EndGlobalSection
	GlobalSection(ExtensibilityGlobals) = postSolution
		SolutionGuid = {6DC3E2FA-7C11-411A-AEF5-87E39588653F}
	EndGlobalSection
EndGlobal
